
Microsoft Visual Studio Solution File, Format Version 12.00
# Visual Studio Version 17
VisualStudioVersion = 17.11.35208.52
MinimumVisualStudioVersion = 10.0.40219.1
Project("{9A19103F-16F7-4668-BE54-9A1E7A4F7556}") = "Retenbras.Data", "src\Retenbras.Data\Retenbras.Data.csproj", "{29E85529-A860-4215-B47C-35CA4227700E}"
EndProject
Project("{9A19103F-16F7-4668-BE54-9A1E7A4F7556}") = "Retenbras.Business", "src\Retenbras.Business\Retenbras.Business.csproj", "{73CFE2A1-ECE0-49EE-9036-62C97F1E40CF}"
EndProject
Project("{9A19103F-16F7-4668-BE54-9A1E7A4F7556}") = "Retenbras.Api", "src\Retenbras.Api\Retenbras.Api.csproj", "{DFFB790E-57F1-44C2-91BA-837DBFEE6A0B}"
EndProject
Global
	GlobalSection(SolutionConfigurationPlatforms) = preSolution
		Debug|Any CPU = Debug|Any CPU
		Release|Any CPU = Release|Any CPU
	EndGlobalSection
	GlobalSection(ProjectConfigurationPlatforms) = postSolution
		{29E85529-A860-4215-B47C-35CA4227700E}.Debug|Any CPU.ActiveCfg = Debug|Any CPU
		{29E85529-A860-4215-B47C-35CA4227700E}.Debug|Any CPU.Build.0 = Debug|Any CPU
		{29E85529-A860-4215-B47C-35CA4227700E}.Release|Any CPU.ActiveCfg = Release|Any CPU
		{29E85529-A860-4215-B47C-35CA4227700E}.Release|Any CPU.Build.0 = Release|Any CPU
		{73CFE2A1-ECE0-49EE-9036-62C97F1E40CF}.Debug|Any CPU.ActiveCfg = Debug|Any CPU
		{73CFE2A1-ECE0-49EE-9036-62C97F1E40CF}.Debug|Any CPU.Build.0 = Debug|Any CPU
		{73CFE2A1-ECE0-49EE-9036-62C97F1E40CF}.Release|Any CPU.ActiveCfg = Release|Any CPU
		{73CFE2A1-ECE0-49EE-9036-62C97F1E40CF}.Release|Any CPU.Build.0 = Release|Any CPU
		{DFFB790E-57F1-44C2-91BA-837DBFEE6A0B}.Debug|Any CPU.ActiveCfg = Debug|Any CPU
		{DFFB790E-57F1-44C2-91BA-837DBFEE6A0B}.Debug|Any CPU.Build.0 = Debug|Any CPU
		{DFFB790E-57F1-44C2-91BA-837DBFEE6A0B}.Release|Any CPU.ActiveCfg = Release|Any CPU
		{DFFB790E-57F1-44C2-91BA-837DBFEE6A0B}.Release|Any CPU.Build.0 = Release|Any CPU
	EndGlobalSection
	GlobalSection(SolutionProperties) = preSolution
		HideSolutionNode = FALSE
	EndGlobalSection
	GlobalSection(ExtensibilityGlobals) = postSolution
		SolutionGuid = {767DB21A-51B2-4E83-AD30-E3D4E6EA9654}
	EndGlobalSection
EndGlobal
